
Microsoft Visual Studio Solution File, Format Version 12.00
# Visual Studio Version 16
VisualStudioVersion = 16.0.35130.168
MinimumVisualStudioVersion = 10.0.40219.1
Project("{C9674DCB-5085-4A16-B785-4C70DD1589BD}") = "Albarran", "Albarran.dtproj", "{105A3548-EF26-4855-B4E7-E06053AE43A9}"
EndProject
Global
	GlobalSection(SolutionConfigurationPlatforms) = preSolution
		Development|Default = Development|Default
	EndGlobalSection
	GlobalSection(ProjectConfigurationPlatforms) = postSolution
		{105A3548-EF26-4855-B4E7-E06053AE43A9}.Development|Default.ActiveCfg = Development
		{105A3548-EF26-4855-B4E7-E06053AE43A9}.Development|Default.Build.0 = Development
	EndGlobalSection
	GlobalSection(SolutionProperties) = preSolution
		HideSolutionNode = FALSE
	EndGlobalSection
	GlobalSection(ExtensibilityGlobals) = postSolution
		SolutionGuid = {9D796D34-DACB-4D5D-8346-F8F2652E2F32}
	EndGlobalSection
EndGlobal
